
Microsoft Visual Studio Solution File, Format Version 12.00
# Visual Studio Version 16
VisualStudioVersion = 16.0.30011.22
MinimumVisualStudioVersion = 10.0.40219.1
Project("{FAE04EC0-301F-11D3-BF4B-00C04F79EFBC}") = "Factor", "Factor.csproj", "{66A65A66-B5CB-4E33-8DBB-70CE0CE3803A}"
EndProject
Global
	GlobalSection(SolutionConfigurationPlatforms) = preSolution
		Debug|Any CPU = Debug|Any CPU
		Release|Any CPU = Release|Any CPU
	EndGlobalSection
	GlobalSection(ProjectConfigurationPlatforms) = postSolution
		{66A65A66-B5CB-4E33-8DBB-70CE0CE3803A}.Debug|Any CPU.ActiveCfg = Debug|Any CPU
		{66A65A66-B5CB-4E33-8DBB-70CE0CE3803A}.Debug|Any CPU.Build.0 = Debug|Any CPU
		{66A65A66-B5CB-4E33-8DBB-70CE0CE3803A}.Release|Any CPU.ActiveCfg = Release|Any CPU
		{66A65A66-B5CB-4E33-8DBB-70CE0CE3803A}.Release|Any CPU.Build.0 = Release|Any CPU
	EndGlobalSection
	GlobalSection(SolutionProperties) = preSolution
		HideSolutionNode = FALSE
	EndGlobalSection
	GlobalSection(ExtensibilityGlobals) = postSolution
		SolutionGuid = {424C8A11-D2E6-4369-B4FB-597341C4DA91}
	EndGlobalSection
EndGlobal
